{
  "requires": true,
  "lockfileVersion": 1,
  "dependencies": {
    "cypress-xpath": {
      "version": "1.4.0",
      "resolved": "https://registry.npmjs.org/cypress-xpath/-/cypress-xpath-1.4.0.tgz",
      "integrity": "sha512-rRSp3n48rycYkbUJc/n5uxcCUWwhdqufcw7SwkJS/R69NNC3tibCdPw46QuYk1V0KT/X/AY9p7VLIXWzNnm1TA==",
      "dev": true
    }
  }
}
